
Microsoft Visual Studio Solution File, Format Version 12.00
# Visual Studio Version 17
VisualStudioVersion = 17.2.32516.85
MinimumVisualStudioVersion = 10.0.40219.1
Project("{FAE04EC0-301F-11D3-BF4B-00C04F79EFBC}") = "CreatePatternUsingLoops", "CreatePatternUsingLoops.csproj", "{22E9CF2F-C73F-4324-99CD-8BE702368202}"
EndProject
Global
	GlobalSection(SolutionConfigurationPlatforms) = preSolution
		Debug|Any CPU = Debug|Any CPU
		Release|Any CPU = Release|Any CPU
	EndGlobalSection
	GlobalSection(ProjectConfigurationPlatforms) = postSolution
		{22E9CF2F-C73F-4324-99CD-8BE702368202}.Debug|Any CPU.ActiveCfg = Debug|Any CPU
		{22E9CF2F-C73F-4324-99CD-8BE702368202}.Debug|Any CPU.Build.0 = Debug|Any CPU
		{22E9CF2F-C73F-4324-99CD-8BE702368202}.Release|Any CPU.ActiveCfg = Release|Any CPU
		{22E9CF2F-C73F-4324-99CD-8BE702368202}.Release|Any CPU.Build.0 = Release|Any CPU
	EndGlobalSection
	GlobalSection(SolutionProperties) = preSolution
		HideSolutionNode = FALSE
	EndGlobalSection
	GlobalSection(ExtensibilityGlobals) = postSolution
		SolutionGuid = {62BA207D-9E4D-4E41-A2C0-6AD32AB4159D}
	EndGlobalSection
EndGlobal
