
Microsoft Visual Studio Solution File, Format Version 12.00
# Visual Studio Version 17
VisualStudioVersion = 17.2.32516.85
MinimumVisualStudioVersion = 10.0.40219.1
Project("{FAE04EC0-301F-11D3-BF4B-00C04F79EFBC}") = "TestProblem1", "TestProblem1.csproj", "{1055A72C-4A5A-4CF8-8271-F7571CDB01CE}"
EndProject
Global
	GlobalSection(SolutionConfigurationPlatforms) = preSolution
		Debug|Any CPU = Debug|Any CPU
		Release|Any CPU = Release|Any CPU
	EndGlobalSection
	GlobalSection(ProjectConfigurationPlatforms) = postSolution
		{1055A72C-4A5A-4CF8-8271-F7571CDB01CE}.Debug|Any CPU.ActiveCfg = Debug|Any CPU
		{1055A72C-4A5A-4CF8-8271-F7571CDB01CE}.Debug|Any CPU.Build.0 = Debug|Any CPU
		{1055A72C-4A5A-4CF8-8271-F7571CDB01CE}.Release|Any CPU.ActiveCfg = Release|Any CPU
		{1055A72C-4A5A-4CF8-8271-F7571CDB01CE}.Release|Any CPU.Build.0 = Release|Any CPU
	EndGlobalSection
	GlobalSection(SolutionProperties) = preSolution
		HideSolutionNode = FALSE
	EndGlobalSection
	GlobalSection(ExtensibilityGlobals) = postSolution
		SolutionGuid = {3EB80B07-437F-4D7F-A079-02228F081AF2}
	EndGlobalSection
EndGlobal
